<Solution>
  <Folder Name="/Solution Items/">
    <File Path=".editorconfig" />
    <File Path=".gitattributes" />
    <File Path=".gitignore" />
    <File Path="Directory.Build.props" />
    <File Path="Directory.Packages.props" />
    <File Path="LICENSE" />
    <File Path="README.md" />
    <File Path="SpellingExclusions.dic" />
  </Folder>
  <Project Path="src/Stbsharp/Stbsharp.csproj" />
  <Project Path="tests/Stbsharp.Tests/Stbsharp.Tests.csproj" />
</Solution>
